
Microsoft Visual Studio Solution File, Format Version 12.00
# Visual Studio Version 16
VisualStudioVersion = 16.0.30114.105
MinimumVisualStudioVersion = 10.0.40219.1
Project("{9A19103F-16F7-4668-BE54-9A1E7A4F7556}") = "Altairis.Xml4web.Importer.Nemesis", "Altairis.Xml4Web.Importer.Nemesis\Altairis.Xml4web.Importer.Nemesis.csproj", "{5C473E0F-0631-4BE3-B17B-D5D11784AD42}"
EndProject
Project("{2150E333-8FDC-42A3-9474-1A3956D46DE8}") = "Solution Items", "Solution Items", "{391BE556-9862-4AF1-9CC4-09DD11C3108E}"
	ProjectSection(SolutionItems) = preProject
		.editorconfig = .editorconfig
		.gitignore = .gitignore
		CODE_OF_CONDUCT.md = CODE_OF_CONDUCT.md
		LICENSE = LICENSE
		README.md = README.md
	EndProjectSection
EndProject
Project("{9A19103F-16F7-4668-BE54-9A1E7A4F7556}") = "Altairis.Xml4web.Compiler", "Altairis.Xml4web.Compiler\Altairis.Xml4web.Compiler.csproj", "{9E8736F8-C444-4865-9AD3-A0C63997368C}"
EndProject
Project("{9A19103F-16F7-4668-BE54-9A1E7A4F7556}") = "Altairis.Xml4web.Importer.RssFeed", "Altairis.XML4web.Importer.RssFeed\Altairis.Xml4web.Importer.RssFeed.csproj", "{356D8310-1CA3-4312-8FB3-225F0DCB901F}"
EndProject
Project("{9A19103F-16F7-4668-BE54-9A1E7A4F7556}") = "Altairis.Xml4web.AzureSync", "Altairis.Xml4web.AzureSync\Altairis.Xml4web.AzureSync.csproj", "{025AD6D4-9059-4D88-8786-9F08BB3D6803}"
EndProject
Global
	GlobalSection(SolutionConfigurationPlatforms) = preSolution
		Debug|Any CPU = Debug|Any CPU
		Release|Any CPU = Release|Any CPU
	EndGlobalSection
	GlobalSection(ProjectConfigurationPlatforms) = postSolution
		{5C473E0F-0631-4BE3-B17B-D5D11784AD42}.Debug|Any CPU.ActiveCfg = Debug|Any CPU
		{5C473E0F-0631-4BE3-B17B-D5D11784AD42}.Debug|Any CPU.Build.0 = Debug|Any CPU
		{5C473E0F-0631-4BE3-B17B-D5D11784AD42}.Release|Any CPU.ActiveCfg = Release|Any CPU
		{5C473E0F-0631-4BE3-B17B-D5D11784AD42}.Release|Any CPU.Build.0 = Release|Any CPU
		{9E8736F8-C444-4865-9AD3-A0C63997368C}.Debug|Any CPU.ActiveCfg = Debug|Any CPU
		{9E8736F8-C444-4865-9AD3-A0C63997368C}.Debug|Any CPU.Build.0 = Debug|Any CPU
		{9E8736F8-C444-4865-9AD3-A0C63997368C}.Release|Any CPU.ActiveCfg = Release|Any CPU
		{9E8736F8-C444-4865-9AD3-A0C63997368C}.Release|Any CPU.Build.0 = Release|Any CPU
		{356D8310-1CA3-4312-8FB3-225F0DCB901F}.Debug|Any CPU.ActiveCfg = Debug|Any CPU
		{356D8310-1CA3-4312-8FB3-225F0DCB901F}.Debug|Any CPU.Build.0 = Debug|Any CPU
		{356D8310-1CA3-4312-8FB3-225F0DCB901F}.Release|Any CPU.ActiveCfg = Release|Any CPU
		{356D8310-1CA3-4312-8FB3-225F0DCB901F}.Release|Any CPU.Build.0 = Release|Any CPU
		{025AD6D4-9059-4D88-8786-9F08BB3D6803}.Debug|Any CPU.ActiveCfg = Debug|Any CPU
		{025AD6D4-9059-4D88-8786-9F08BB3D6803}.Debug|Any CPU.Build.0 = Debug|Any CPU
		{025AD6D4-9059-4D88-8786-9F08BB3D6803}.Release|Any CPU.ActiveCfg = Release|Any CPU
		{025AD6D4-9059-4D88-8786-9F08BB3D6803}.Release|Any CPU.Build.0 = Release|Any CPU
	EndGlobalSection
	GlobalSection(SolutionProperties) = preSolution
		HideSolutionNode = FALSE
	EndGlobalSection
	GlobalSection(ExtensibilityGlobals) = postSolution
		SolutionGuid = {E6D73EEF-905D-452E-8E02-3790505CCBEF}
	EndGlobalSection
EndGlobal
